
Microsoft Visual Studio Solution File, Format Version 12.00
# Visual Studio Version 16
VisualStudioVersion = 16.0.30621.155
MinimumVisualStudioVersion = 10.0.40219.1
Project("{FAE04EC0-301F-11D3-BF4B-00C04F79EFBC}") = "RegistServerDemo", "RegistServerDemo\RegistServerDemo.csproj", "{60A1490F-5A8F-4B53-BF61-6CD19242072A}"
EndProject
Global
	GlobalSection(SolutionConfigurationPlatforms) = preSolution
		Debug|Any CPU = Debug|Any CPU
		Release|Any CPU = Release|Any CPU
	EndGlobalSection
	GlobalSection(ProjectConfigurationPlatforms) = postSolution
		{60A1490F-5A8F-4B53-BF61-6CD19242072A}.Debug|Any CPU.ActiveCfg = Debug|Any CPU
		{60A1490F-5A8F-4B53-BF61-6CD19242072A}.Debug|Any CPU.Build.0 = Debug|Any CPU
		{60A1490F-5A8F-4B53-BF61-6CD19242072A}.Release|Any CPU.ActiveCfg = Release|Any CPU
		{60A1490F-5A8F-4B53-BF61-6CD19242072A}.Release|Any CPU.Build.0 = Release|Any CPU
	EndGlobalSection
	GlobalSection(SolutionProperties) = preSolution
		HideSolutionNode = FALSE
	EndGlobalSection
	GlobalSection(ExtensibilityGlobals) = postSolution
		SolutionGuid = {5744D262-07B8-4B81-9694-2A6E702837B9}
	EndGlobalSection
EndGlobal
